
Microsoft Visual Studio Solution File, Format Version 12.00
# Visual Studio Version 16
VisualStudioVersion = 16.0.31911.196
MinimumVisualStudioVersion = 10.0.40219.1
Project("{9A19103F-16F7-4668-BE54-9A1E7A4F7556}") = "CarRentalManagement.Server", "CarRentalManagement\Server\CarRentalManagement.Server.csproj", "{22829B6B-4626-4C71-A4AB-D0D7CA43A511}"
EndProject
Project("{9A19103F-16F7-4668-BE54-9A1E7A4F7556}") = "CarRentalManagement.Client", "CarRentalManagement\Client\CarRentalManagement.Client.csproj", "{3D87817C-A5BA-4BDD-B564-DCAC9F2FD7B5}"
EndProject
Project("{9A19103F-16F7-4668-BE54-9A1E7A4F7556}") = "CarRentalManagement.Shared", "CarRentalManagement\Shared\CarRentalManagement.Shared.csproj", "{9FAC3E53-4A3E-462F-9581-59F6A7FAA70C}"
EndProject
Global
	GlobalSection(SolutionConfigurationPlatforms) = preSolution
		Debug|Any CPU = Debug|Any CPU
		Release|Any CPU = Release|Any CPU
	EndGlobalSection
	GlobalSection(ProjectConfigurationPlatforms) = postSolution
		{22829B6B-4626-4C71-A4AB-D0D7CA43A511}.Debug|Any CPU.ActiveCfg = Debug|Any CPU
		{22829B6B-4626-4C71-A4AB-D0D7CA43A511}.Debug|Any CPU.Build.0 = Debug|Any CPU
		{22829B6B-4626-4C71-A4AB-D0D7CA43A511}.Release|Any CPU.ActiveCfg = Release|Any CPU
		{22829B6B-4626-4C71-A4AB-D0D7CA43A511}.Release|Any CPU.Build.0 = Release|Any CPU
		{3D87817C-A5BA-4BDD-B564-DCAC9F2FD7B5}.Debug|Any CPU.ActiveCfg = Debug|Any CPU
		{3D87817C-A5BA-4BDD-B564-DCAC9F2FD7B5}.Debug|Any CPU.Build.0 = Debug|Any CPU
		{3D87817C-A5BA-4BDD-B564-DCAC9F2FD7B5}.Release|Any CPU.ActiveCfg = Release|Any CPU
		{3D87817C-A5BA-4BDD-B564-DCAC9F2FD7B5}.Release|Any CPU.Build.0 = Release|Any CPU
		{9FAC3E53-4A3E-462F-9581-59F6A7FAA70C}.Debug|Any CPU.ActiveCfg = Debug|Any CPU
		{9FAC3E53-4A3E-462F-9581-59F6A7FAA70C}.Debug|Any CPU.Build.0 = Debug|Any CPU
		{9FAC3E53-4A3E-462F-9581-59F6A7FAA70C}.Release|Any CPU.ActiveCfg = Release|Any CPU
		{9FAC3E53-4A3E-462F-9581-59F6A7FAA70C}.Release|Any CPU.Build.0 = Release|Any CPU
	EndGlobalSection
	GlobalSection(SolutionProperties) = preSolution
		HideSolutionNode = FALSE
	EndGlobalSection
	GlobalSection(ExtensibilityGlobals) = postSolution
		SolutionGuid = {352A4DB0-8970-4EA7-96E5-64EFC9B45E61}
	EndGlobalSection
EndGlobal
